// !$*UTF8*$!
{
	archiveVersion = 1;
	classes = {
	};
	objectVersion = 56;
	objects = {

/* Begin PBXBuildFile section */
		5210E1392AF3FEDA00AC6EDA /* CustomViews.swift in Sources */ = {isa = PBXBuildFile; fileRef = 5210E1382AF3FEDA00AC6EDA /* CustomViews.swift */; };
		5210E13B2AF4004200AC6EDA /* CrewScrollView.swift in Sources */ = {isa = PBXBuildFile; fileRef = 5210E13A2AF4004200AC6EDA /* CrewScrollView.swift */; };
		5210E13D2AF4043700AC6EDA /* CustomGridLayoutView.swift in Sources */ = {isa = PBXBuildFile; fileRef = 5210E13C2AF4043700AC6EDA /* CustomGridLayoutView.swift */; };
		5210E13F2AF404A400AC6EDA /* CustomListLayoutView.swift in Sources */ = {isa = PBXBuildFile; fileRef = 5210E13E2AF404A400AC6EDA /* CustomListLayoutView.swift */; };
		52537A872AF17D6E0093D751 /* MoonshotApp.swift in Sources */ = {isa = PBXBuildFile; fileRef = 52537A862AF17D6E0093D751 /* MoonshotApp.swift */; };
		52537A892AF17D6E0093D751 /* ContentView.swift in Sources */ = {isa = PBXBuildFile; fileRef = 52537A882AF17D6E0093D751 /* ContentView.swift */; };
		52537A8B2AF17D6F0093D751 /* Assets.xcassets in Resources */ = {isa = PBXBuildFile; fileRef = 52537A8A2AF17D6F0093D751 /* Assets.xcassets */; };
		52537A8E2AF17D6F0093D751 /* Preview Assets.xcassets in Resources */ = {isa = PBXBuildFile; fileRef = 52537A8D2AF17D6F0093D751 /* Preview Assets.xcassets */; };
		52537A962AF181D50093D751 /* ImageExamples.swift in Sources */ = {isa = PBXBuildFile; fileRef = 52537A952AF181D50093D751 /* ImageExamples.swift */; };
		52537A982AF188C80093D751 /* ScrollViewExample.swift in Sources */ = {isa = PBXBuildFile; fileRef = 52537A972AF188C80093D751 /* ScrollViewExample.swift */; };
		52537A9A2AF19BE50093D751 /* NavigationLinkExample.swift in Sources */ = {isa = PBXBuildFile; fileRef = 52537A992AF19BE50093D751 /* NavigationLinkExample.swift */; };
		52537A9C2AF1A30B0093D751 /* CodableProtocolExample.swift in Sources */ = {isa = PBXBuildFile; fileRef = 52537A9B2AF1A30B0093D751 /* CodableProtocolExample.swift */; };
		52537A9E2AF1AC790093D751 /* ScrollingGridExample.swift in Sources */ = {isa = PBXBuildFile; fileRef = 52537A9D2AF1AC790093D751 /* ScrollingGridExample.swift */; };
		52537AA12AF1B7340093D751 /* missions.json in Resources */ = {isa = PBXBuildFile; fileRef = 52537A9F2AF1B7340093D751 /* missions.json */; };
		52537AA22AF1B7340093D751 /* astronauts.json in Resources */ = {isa = PBXBuildFile; fileRef = 52537AA02AF1B7340093D751 /* astronauts.json */; };
		52537AA42AF1B8B70093D751 /* Astronaut.swift in Sources */ = {isa = PBXBuildFile; fileRef = 52537AA32AF1B8B70093D751 /* Astronaut.swift */; };
		52537AA62AF1BA330093D751 /* Bundle-Decodable.swift in Sources */ = {isa = PBXBuildFile; fileRef = 52537AA52AF1BA330093D751 /* Bundle-Decodable.swift */; };
		52537AA82AF1BF300093D751 /* Mission.swift in Sources */ = {isa = PBXBuildFile; fileRef = 52537AA72AF1BF300093D751 /* Mission.swift */; };
		52537AAA2AF2A6050093D751 /* Color-Theme.swift in Sources */ = {isa = PBXBuildFile; fileRef = 52537AA92AF2A6050093D751 /* Color-Theme.swift */; };
		52537AAC2AF2B87E0093D751 /* MissionView.swift in Sources */ = {isa = PBXBuildFile; fileRef = 52537AAB2AF2B87E0093D751 /* MissionView.swift */; };
		52537AAE2AF2FC020093D751 /* AstronautView.swift in Sources */ = {isa = PBXBuildFile; fileRef = 52537AAD2AF2FC020093D751 /* AstronautView.swift */; };
/* End PBXBuildFile section */

/* Begin PBXFileReference section */
		5210E1382AF3FEDA00AC6EDA /* CustomViews.swift */ = {isa = PBXFileReference; lastKnownFileType = sourcecode.swift; path = CustomViews.swift; sourceTree = "<group>"; };
		5210E13A2AF4004200AC6EDA /* CrewScrollView.swift */ = {isa = PBXFileReference; lastKnownFileType = sourcecode.swift; path = CrewScrollView.swift; sourceTree = "<group>"; };
		5210E13C2AF4043700AC6EDA /* CustomGridLayoutView.swift */ = {isa = PBXFileReference; lastKnownFileType = sourcecode.swift; path = CustomGridLayoutView.swift; sourceTree = "<group>"; };
		5210E13E2AF404A400AC6EDA /* CustomListLayoutView.swift */ = {isa = PBXFileReference; lastKnownFileType = sourcecode.swift; path = CustomListLayoutView.swift; sourceTree = "<group>"; };
		52537A832AF17D6E0093D751 /* Moonshot.app */ = {isa = PBXFileReference; explicitFileType = wrapper.application; includeInIndex = 0; path = Moonshot.app; sourceTree = BUILT_PRODUCTS_DIR; };
		52537A862AF17D6E0093D751 /* MoonshotApp.swift */ = {isa = PBXFileReference; lastKnownFileType = sourcecode.swift; path = MoonshotApp.swift; sourceTree = "<group>"; };
		52537A882AF17D6E0093D751 /* ContentView.swift */ = {isa = PBXFileReference; lastKnownFileType = sourcecode.swift; path = ContentView.swift; sourceTree = "<group>"; };
		52537A8A2AF17D6F0093D751 /* Assets.xcassets */ = {isa = PBXFileReference; lastKnownFileType = folder.assetcatalog; path = Assets.xcassets; sourceTree = "<group>"; };
		52537A8D2AF17D6F0093D751 /* Preview Assets.xcassets */ = {isa = PBXFileReference; lastKnownFileType = folder.assetcatalog; path = "Preview Assets.xcassets"; sourceTree = "<group>"; };
		52537A952AF181D50093D751 /* ImageExamples.swift */ = {isa = PBXFileReference; lastKnownFileType = sourcecode.swift; path = ImageExamples.swift; sourceTree = "<group>"; };
		52537A972AF188C80093D751 /* ScrollViewExample.swift */ = {isa = PBXFileReference; lastKnownFileType = sourcecode.swift; path = ScrollViewExample.swift; sourceTree = "<group>"; };
		52537A992AF19BE50093D751 /* NavigationLinkExample.swift */ = {isa = PBXFileReference; lastKnownFileType = sourcecode.swift; path = NavigationLinkExample.swift; sourceTree = "<group>"; };
		52537A9B2AF1A30B0093D751 /* CodableProtocolExample.swift */ = {isa = PBXFileReference; lastKnownFileType = sourcecode.swift; path = CodableProtocolExample.swift; sourceTree = "<group>"; };
		52537A9D2AF1AC790093D751 /* ScrollingGridExample.swift */ = {isa = PBXFileReference; lastKnownFileType = sourcecode.swift; path = ScrollingGridExample.swift; sourceTree = "<group>"; };
		52537A9F2AF1B7340093D751 /* missions.json */ = {isa = PBXFileReference; fileEncoding = 4; lastKnownFileType = text.json; path = missions.json; sourceTree = "<group>"; };
		52537AA02AF1B7340093D751 /* astronauts.json */ = {isa = PBXFileReference; fileEncoding = 4; lastKnownFileType = text.json; path = astronauts.json; sourceTree = "<group>"; };
		52537AA32AF1B8B70093D751 /* Astronaut.swift */ = {isa = PBXFileReference; lastKnownFileType = sourcecode.swift; path = Astronaut.swift; sourceTree = "<group>"; };
		52537AA52AF1BA330093D751 /* Bundle-Decodable.swift */ = {isa = PBXFileReference; lastKnownFileType = sourcecode.swift; path = "Bundle-Decodable.swift"; sourceTree = "<group>"; };
		52537AA72AF1BF300093D751 /* Mission.swift */ = {isa = PBXFileReference; lastKnownFileType = sourcecode.swift; path = Mission.swift; sourceTree = "<group>"; };
		52537AA92AF2A6050093D751 /* Color-Theme.swift */ = {isa = PBXFileReference; lastKnownFileType = sourcecode.swift; path = "Color-Theme.swift"; sourceTree = "<group>"; };
		52537AAB2AF2B87E0093D751 /* MissionView.swift */ = {isa = PBXFileReference; lastKnownFileType = sourcecode.swift; path = MissionView.swift; sourceTree = "<group>"; };
		52537AAD2AF2FC020093D751 /* AstronautView.swift */ = {isa = PBXFileReference; lastKnownFileType = sourcecode.swift; path = AstronautView.swift; sourceTree = "<group>"; };
/* End PBXFileReference section */

/* Begin PBXFrameworksBuildPhase section */
		52537A802AF17D6E0093D751 /* Frameworks */ = {
			isa = PBXFrameworksBuildPhase;
			buildActionMask = 2147483647;
			files = (
			);
			runOnlyForDeploymentPostprocessing = 0;
		};
/* End PBXFrameworksBuildPhase section */

/* Begin PBXGroup section */
		52537A7A2AF17D6E0093D751 = {
			isa = PBXGroup;
			children = (
				52537A852AF17D6E0093D751 /* Moonshot */,
				52537A842AF17D6E0093D751 /* Products */,
			);
			sourceTree = "<group>";
		};
		52537A842AF17D6E0093D751 /* Products */ = {
			isa = PBXGroup;
			children = (
				52537A832AF17D6E0093D751 /* Moonshot.app */,
			);
			name = Products;
			sourceTree = "<group>";
		};
		52537A852AF17D6E0093D751 /* Moonshot */ = {
			isa = PBXGroup;
			children = (
				52537A862AF17D6E0093D751 /* MoonshotApp.swift */,
				52537A882AF17D6E0093D751 /* ContentView.swift */,
				5210E13C2AF4043700AC6EDA /* CustomGridLayoutView.swift */,
				5210E13E2AF404A400AC6EDA /* CustomListLayoutView.swift */,
				52537AA32AF1B8B70093D751 /* Astronaut.swift */,
				52537AAD2AF2FC020093D751 /* AstronautView.swift */,
				52537AA52AF1BA330093D751 /* Bundle-Decodable.swift */,
				52537AA72AF1BF300093D751 /* Mission.swift */,
				52537AAB2AF2B87E0093D751 /* MissionView.swift */,
				5210E13A2AF4004200AC6EDA /* CrewScrollView.swift */,
				52537AA92AF2A6050093D751 /* Color-Theme.swift */,
				5210E1382AF3FEDA00AC6EDA /* CustomViews.swift */,
				52537A8A2AF17D6F0093D751 /* Assets.xcassets */,
				52537AA02AF1B7340093D751 /* astronauts.json */,
				52537A9F2AF1B7340093D751 /* missions.json */,
				52537A942AF17DDE0093D751 /* TutorialFiles */,
				52537A8C2AF17D6F0093D751 /* Preview Content */,
			);
			path = Moonshot;
			sourceTree = "<group>";
		};
		52537A8C2AF17D6F0093D751 /* Preview Content */ = {
			isa = PBXGroup;
			children = (
				52537A8D2AF17D6F0093D751 /* Preview Assets.xcassets */,
			);
			path = "Preview Content";
			sourceTree = "<group>";
		};
		52537A942AF17DDE0093D751 /* TutorialFiles */ = {
			isa = PBXGroup;
			children = (
				52537A952AF181D50093D751 /* ImageExamples.swift */,
				52537A972AF188C80093D751 /* ScrollViewExample.swift */,
				52537A992AF19BE50093D751 /* NavigationLinkExample.swift */,
				52537A9B2AF1A30B0093D751 /* CodableProtocolExample.swift */,
				52537A9D2AF1AC790093D751 /* ScrollingGridExample.swift */,
			);
			path = TutorialFiles;
			sourceTree = "<group>";
		};
/* End PBXGroup section */

/* Begin PBXNativeTarget section */
		52537A822AF17D6E0093D751 /* Moonshot */ = {
			isa = PBXNativeTarget;
			buildConfigurationList = 52537A912AF17D6F0093D751 /* Build configuration list for PBXNativeTarget "Moonshot" */;
			buildPhases = (
				52537A7F2AF17D6E0093D751 /* Sources */,
				52537A802AF17D6E0093D751 /* Frameworks */,
				52537A812AF17D6E0093D751 /* Resources */,
			);
			buildRules = (
			);
			dependencies = (
			);
			name = Moonshot;
			productName = Moonshot;
			productReference = 52537A832AF17D6E0093D751 /* Moonshot.app */;
			productType = "com.apple.product-type.application";
		};
/* End PBXNativeTarget section */

/* Begin PBXProject section */
		52537A7B2AF17D6E0093D751 /* Project object */ = {
			isa = PBXProject;
			attributes = {
				BuildIndependentTargetsInParallel = 1;
				LastSwiftUpdateCheck = 1500;
				LastUpgradeCheck = 1500;
				TargetAttributes = {
					52537A822AF17D6E0093D751 = {
						CreatedOnToolsVersion = 15.0.1;
					};
				};
			};
			buildConfigurationList = 52537A7E2AF17D6E0093D751 /* Build configuration list for PBXProject "Moonshot" */;
			compatibilityVersion = "Xcode 14.0";
			developmentRegion = en;
			hasScannedForEncodings = 0;
			knownRegions = (
				en,
				Base,
			);
			mainGroup = 52537A7A2AF17D6E0093D751;
			productRefGroup = 52537A842AF17D6E0093D751 /* Products */;
			projectDirPath = "";
			projectRoot = "";
			targets = (
				52537A822AF17D6E0093D751 /* Moonshot */,
			);
		};
/* End PBXProject section */

/* Begin PBXResourcesBuildPhase section */
		52537A812AF17D6E0093D751 /* Resources */ = {
			isa = PBXResourcesBuildPhase;
			buildActionMask = 2147483647;
			files = (
				52537A8E2AF17D6F0093D751 /* Preview Assets.xcassets in Resources */,
				52537AA12AF1B7340093D751 /* missions.json in Resources */,
				52537A8B2AF17D6F0093D751 /* Assets.xcassets in Resources */,
				52537AA22AF1B7340093D751 /* astronauts.json in Resources */,
			);
			runOnlyForDeploymentPostprocessing = 0;
		};
/* End PBXResourcesBuildPhase section */

/* Begin PBXSourcesBuildPhase section */
		52537A7F2AF17D6E0093D751 /* Sources */ = {
			isa = PBXSourcesBuildPhase;
			buildActionMask = 2147483647;
			files = (
				52537A982AF188C80093D751 /* ScrollViewExample.swift in Sources */,
				52537A892AF17D6E0093D751 /* ContentView.swift in Sources */,
				52537AAA2AF2A6050093D751 /* Color-Theme.swift in Sources */,
				5210E13B2AF4004200AC6EDA /* CrewScrollView.swift in Sources */,
				52537A962AF181D50093D751 /* ImageExamples.swift in Sources */,
				52537AA42AF1B8B70093D751 /* Astronaut.swift in Sources */,
				52537AAC2AF2B87E0093D751 /* MissionView.swift in Sources */,
				5210E13F2AF404A400AC6EDA /* CustomListLayoutView.swift in Sources */,
				52537A9C2AF1A30B0093D751 /* CodableProtocolExample.swift in Sources */,
				52537AA62AF1BA330093D751 /* Bundle-Decodable.swift in Sources */,
				52537A872AF17D6E0093D751 /* MoonshotApp.swift in Sources */,
				5210E1392AF3FEDA00AC6EDA /* CustomViews.swift in Sources */,
				52537AAE2AF2FC020093D751 /* AstronautView.swift in Sources */,
				52537A9E2AF1AC790093D751 /* ScrollingGridExample.swift in Sources */,
				52537AA82AF1BF300093D751 /* Mission.swift in Sources */,
				52537A9A2AF19BE50093D751 /* NavigationLinkExample.swift in Sources */,
				5210E13D2AF4043700AC6EDA /* CustomGridLayoutView.swift in Sources */,
			);
			runOnlyForDeploymentPostprocessing = 0;
		};
/* End PBXSourcesBuildPhase section */

/* Begin XCBuildConfiguration section */
		52537A8F2AF17D6F0093D751 /* Debug */ = {
			isa = XCBuildConfiguration;
			buildSettings = {
				ALWAYS_SEARCH_USER_PATHS = NO;
				ASSETCATALOG_COMPILER_GENERATE_SWIFT_ASSET_SYMBOL_EXTENSIONS = YES;
				CLANG_ANALYZER_NONNULL = YES;
				CLANG_ANALYZER_NUMBER_OBJECT_CONVERSION = YES_AGGRESSIVE;
				CLANG_CXX_LANGUAGE_STANDARD = "gnu++20";
				CLANG_ENABLE_MODULES = YES;
				CLANG_ENABLE_OBJC_ARC = YES;
				CLANG_ENABLE_OBJC_WEAK = YES;
				CLANG_WARN_BLOCK_CAPTURE_AUTORELEASING = YES;
				CLANG_WARN_BOOL_CONVERSION = YES;
				CLANG_WARN_COMMA = YES;
				CLANG_WARN_CONSTANT_CONVERSION = YES;
				CLANG_WARN_DEPRECATED_OBJC_IMPLEMENTATIONS = YES;
				CLANG_WARN_DIRECT_OBJC_ISA_USAGE = YES_ERROR;
				CLANG_WARN_DOCUMENTATION_COMMENTS = YES;
				CLANG_WARN_EMPTY_BODY = YES;
				CLANG_WARN_ENUM_CONVERSION = YES;
				CLANG_WARN_INFINITE_RECURSION = YES;
				CLANG_WARN_INT_CONVERSION = YES;
				CLANG_WARN_NON_LITERAL_NULL_CONVERSION = YES;
				CLANG_WARN_OBJC_IMPLICIT_RETAIN_SELF = YES;
				CLANG_WARN_OBJC_LITERAL_CONVERSION = YES;
				CLANG_WARN_OBJC_ROOT_CLASS = YES_ERROR;
				CLANG_WARN_QUOTED_INCLUDE_IN_FRAMEWORK_HEADER = YES;
				CLANG_WARN_RANGE_LOOP_ANALYSIS = YES;
				CLANG_WARN_STRICT_PROTOTYPES = YES;
				CLANG_WARN_SUSPICIOUS_MOVE = YES;
				CLANG_WARN_UNGUARDED_AVAILABILITY = YES_AGGRESSIVE;
				CLANG_WARN_UNREACHABLE_CODE = YES;
				CLANG_WARN__DUPLICATE_METHOD_MATCH = YES;
				COPY_PHASE_STRIP = NO;
				DEBUG_INFORMATION_FORMAT = dwarf;
				ENABLE_STRICT_OBJC_MSGSEND = YES;
				ENABLE_TESTABILITY = YES;
				ENABLE_USER_SCRIPT_SANDBOXING = YES;
				GCC_C_LANGUAGE_STANDARD = gnu17;
				GCC_DYNAMIC_NO_PIC = NO;
				GCC_NO_COMMON_BLOCKS = YES;
				GCC_OPTIMIZATION_LEVEL = 0;
				GCC_PREPROCESSOR_DEFINITIONS = (
					"DEBUG=1",
					"$(inherited)",
				);
				GCC_WARN_64_TO_32_BIT_CONVERSION = YES;
				GCC_WARN_ABOUT_RETURN_TYPE = YES_ERROR;
				GCC_WARN_UNDECLARED_SELECTOR = YES;
				GCC_WARN_UNINITIALIZED_AUTOS = YES_AGGRESSIVE;
				GCC_WARN_UNUSED_FUNCTION = YES;
				GCC_WARN_UNUSED_VARIABLE = YES;
				IPHONEOS_DEPLOYMENT_TARGET = 17.0;
				LOCALIZATION_PREFERS_STRING_CATALOGS = YES;
				MTL_ENABLE_DEBUG_INFO = INCLUDE_SOURCE;
				MTL_FAST_MATH = YES;
				ONLY_ACTIVE_ARCH = YES;
				SDKROOT = iphoneos;
				SWIFT_ACTIVE_COMPILATION_CONDITIONS = "DEBUG $(inherited)";
				SWIFT_OPTIMIZATION_LEVEL = "-Onone";
			};
			name = Debug;
		};
		52537A902AF17D6F0093D751 /* Release */ = {
			isa = XCBuildConfiguration;
			buildSettings = {
				ALWAYS_SEARCH_USER_PATHS = NO;
				ASSETCATALOG_COMPILER_GENERATE_SWIFT_ASSET_SYMBOL_EXTENSIONS = YES;
				CLANG_ANALYZER_NONNULL = YES;
				CLANG_ANALYZER_NUMBER_OBJECT_CONVERSION = YES_AGGRESSIVE;
				CLANG_CXX_LANGUAGE_STANDARD = "gnu++20";
				CLANG_ENABLE_MODULES = YES;
				CLANG_ENABLE_OBJC_ARC = YES;
				CLANG_ENABLE_OBJC_WEAK = YES;
				CLANG_WARN_BLOCK_CAPTURE_AUTORELEASING = YES;
				CLANG_WARN_BOOL_CONVERSION = YES;
				CLANG_WARN_COMMA = YES;
				CLANG_WARN_CONSTANT_CONVERSION = YES;
				CLANG_WARN_DEPRECATED_OBJC_IMPLEMENTATIONS = YES;
				CLANG_WARN_DIRECT_OBJC_ISA_USAGE = YES_ERROR;
				CLANG_WARN_DOCUMENTATION_COMMENTS = YES;
				CLANG_WARN_EMPTY_BODY = YES;
				CLANG_WARN_ENUM_CONVERSION = YES;
				CLANG_WARN_INFINITE_RECURSION = YES;
				CLANG_WARN_INT_CONVERSION = YES;
				CLANG_WARN_NON_LITERAL_NULL_CONVERSION = YES;
				CLANG_WARN_OBJC_IMPLICIT_RETAIN_SELF = YES;
				CLANG_WARN_OBJC_LITERAL_CONVERSION = YES;
				CLANG_WARN_OBJC_ROOT_CLASS = YES_ERROR;
				CLANG_WARN_QUOTED_INCLUDE_IN_FRAMEWORK_HEADER = YES;
				CLANG_WARN_RANGE_LOOP_ANALYSIS = YES;
				CLANG_WARN_STRICT_PROTOTYPES = YES;
				CLANG_WARN_SUSPICIOUS_MOVE = YES;
				CLANG_WARN_UNGUARDED_AVAILABILITY = YES_AGGRESSIVE;
				CLANG_WARN_UNREACHABLE_CODE = YES;
				CLANG_WARN__DUPLICATE_METHOD_MATCH = YES;
				COPY_PHASE_STRIP = NO;
				DEBUG_INFORMATION_FORMAT = "dwarf-with-dsym";
				ENABLE_NS_ASSERTIONS = NO;
				ENABLE_STRICT_OBJC_MSGSEND = YES;
				ENABLE_USER_SCRIPT_SANDBOXING = YES;
				GCC_C_LANGUAGE_STANDARD = gnu17;
				GCC_NO_COMMON_BLOCKS = YES;
				GCC_WARN_64_TO_32_BIT_CONVERSION = YES;
				GCC_WARN_ABOUT_RETURN_TYPE = YES_ERROR;
				GCC_WARN_UNDECLARED_SELECTOR = YES;
				GCC_WARN_UNINITIALIZED_AUTOS = YES_AGGRESSIVE;
				GCC_WARN_UNUSED_FUNCTION = YES;
				GCC_WARN_UNUSED_VARIABLE = YES;
				IPHONEOS_DEPLOYMENT_TARGET = 17.0;
				LOCALIZATION_PREFERS_STRING_CATALOGS = YES;
				MTL_ENABLE_DEBUG_INFO = NO;
				MTL_FAST_MATH = YES;
				SDKROOT = iphoneos;
				SWIFT_COMPILATION_MODE = wholemodule;
				VALIDATE_PRODUCT = YES;
			};
			name = Release;
		};
		52537A922AF17D6F0093D751 /* Debug */ = {
			isa = XCBuildConfiguration;
			buildSettings = {
				ASSETCATALOG_COMPILER_APPICON_NAME = AppIcon;
				ASSETCATALOG_COMPILER_GLOBAL_ACCENT_COLOR_NAME = AccentColor;
				CODE_SIGN_STYLE = Automatic;
				CURRENT_PROJECT_VERSION = 1;
				DEVELOPMENT_ASSET_PATHS = "\"Moonshot/Preview Content\"";
				DEVELOPMENT_TEAM = 5G39MTZYS5;
				ENABLE_PREVIEWS = YES;
				GENERATE_INFOPLIST_FILE = YES;
				INFOPLIST_KEY_UIApplicationSceneManifest_Generation = YES;
				INFOPLIST_KEY_UIApplicationSupportsIndirectInputEvents = YES;
				INFOPLIST_KEY_UILaunchScreen_Generation = YES;
				INFOPLIST_KEY_UISupportedInterfaceOrientations_iPad = "UIInterfaceOrientationPortrait UIInterfaceOrientationPortraitUpsideDown UIInterfaceOrientationLandscapeLeft UIInterfaceOrientationLandscapeRight";
				INFOPLIST_KEY_UISupportedInterfaceOrientations_iPhone = "UIInterfaceOrientationPortrait UIInterfaceOrientationLandscapeLeft UIInterfaceOrientationLandscapeRight";
				LD_RUNPATH_SEARCH_PATHS = (
					"$(inherited)",
					"@executable_path/Frameworks",
				);
				MARKETING_VERSION = 1.0;
				PRODUCT_BUNDLE_IDENTIFIER = com.personal.Moonshot;
				PRODUCT_NAME = "$(TARGET_NAME)";
				SWIFT_EMIT_LOC_STRINGS = YES;
				SWIFT_VERSION = 5.0;
				TARGETED_DEVICE_FAMILY = "1,2";
			};
			name = Debug;
		};
		52537A932AF17D6F0093D751 /* Release */ = {
			isa = XCBuildConfiguration;
			buildSettings = {
				ASSETCATALOG_COMPILER_APPICON_NAME = AppIcon;
				ASSETCATALOG_COMPILER_GLOBAL_ACCENT_COLOR_NAME = AccentColor;
				CODE_SIGN_STYLE = Automatic;
				CURRENT_PROJECT_VERSION = 1;
				DEVELOPMENT_ASSET_PATHS = "\"Moonshot/Preview Content\"";
				DEVELOPMENT_TEAM = 5G39MTZYS5;
				ENABLE_PREVIEWS = YES;
				GENERATE_INFOPLIST_FILE = YES;
				INFOPLIST_KEY_UIApplicationSceneManifest_Generation = YES;
				INFOPLIST_KEY_UIApplicationSupportsIndirectInputEvents = YES;
				INFOPLIST_KEY_UILaunchScreen_Generation = YES;
				INFOPLIST_KEY_UISupportedInterfaceOrientations_iPad = "UIInterfaceOrientationPortrait UIInterfaceOrientationPortraitUpsideDown UIInterfaceOrientationLandscapeLeft UIInterfaceOrientationLandscapeRight";
				INFOPLIST_KEY_UISupportedInterfaceOrientations_iPhone = "UIInterfaceOrientationPortrait UIInterfaceOrientationLandscapeLeft UIInterfaceOrientationLandscapeRight";
				LD_RUNPATH_SEARCH_PATHS = (
					"$(inherited)",
					"@executable_path/Frameworks",
				);
				MARKETING_VERSION = 1.0;
				PRODUCT_BUNDLE_IDENTIFIER = com.personal.Moonshot;
				PRODUCT_NAME = "$(TARGET_NAME)";
				SWIFT_EMIT_LOC_STRINGS = YES;
				SWIFT_VERSION = 5.0;
				TARGETED_DEVICE_FAMILY = "1,2";
			};
			name = Release;
		};
/* End XCBuildConfiguration section */

/* Begin XCConfigurationList section */
		52537A7E2AF17D6E0093D751 /* Build configuration list for PBXProject "Moonshot" */ = {
			isa = XCConfigurationList;
			buildConfigurations = (
				52537A8F2AF17D6F0093D751 /* Debug */,
				52537A902AF17D6F0093D751 /* Release */,
			);
			defaultConfigurationIsVisible = 0;
			defaultConfigurationName = Release;
		};
		52537A912AF17D6F0093D751 /* Build configuration list for PBXNativeTarget "Moonshot" */ = {
			isa = XCConfigurationList;
			buildConfigurations = (
				52537A922AF17D6F0093D751 /* Debug */,
				52537A932AF17D6F0093D751 /* Release */,
			);
			defaultConfigurationIsVisible = 0;
			defaultConfigurationName = Release;
		};
/* End XCConfigurationList section */
	};
	rootObject = 52537A7B2AF17D6E0093D751 /* Project object */;
}
